
Microsoft Visual Studio Solution File, Format Version 12.00
# Visual Studio Version 17
VisualStudioVersion = 17.11.35431.28
MinimumVisualStudioVersion = 10.0.40219.1
Project("{FAE04EC0-301F-11D3-BF4B-00C04F79EFBC}") = "FirstModulExam", "FirstModulExam.csproj", "{06329226-3533-40EA-A877-A11A495E8F41}"
EndProject
Global
	GlobalSection(SolutionConfigurationPlatforms) = preSolution
		Debug|Any CPU = Debug|Any CPU
		Release|Any CPU = Release|Any CPU
	EndGlobalSection
	GlobalSection(ProjectConfigurationPlatforms) = postSolution
		{06329226-3533-40EA-A877-A11A495E8F41}.Debug|Any CPU.ActiveCfg = Debug|Any CPU
		{06329226-3533-40EA-A877-A11A495E8F41}.Debug|Any CPU.Build.0 = Debug|Any CPU
		{06329226-3533-40EA-A877-A11A495E8F41}.Release|Any CPU.ActiveCfg = Release|Any CPU
		{06329226-3533-40EA-A877-A11A495E8F41}.Release|Any CPU.Build.0 = Release|Any CPU
	EndGlobalSection
	GlobalSection(SolutionProperties) = preSolution
		HideSolutionNode = FALSE
	EndGlobalSection
	GlobalSection(ExtensibilityGlobals) = postSolution
		SolutionGuid = {D6733C86-4FC5-403E-A218-BCAEB340AD58}
	EndGlobalSection
EndGlobal
